{
  "name": "paseto-workerd-tests",
  "lockfileVersion": 3,
  "requires": true,
  "packages": {
    "": {
      "name": "paseto-workerd-tests",
      "devDependencies": {
        "workerd": "1.20260927.1"
      }
    },
    "node_modules/@cloudflare/workerd-darwin-64": {
      "version": "1.20260927.1",
      "resolved": "https://registry.npmjs.org/@cloudflare/workerd-darwin-64/-/workerd-darwin-64-1.20260927.1.tgz",
      "integrity": "sha512-j7YexgfjvjA8a14Cuv/M4XI1SVv2WeRe/gOKQeUxxoZnZqJZ15cT2slHecuLhp6fyuvUBNVTwe68pxBTWOSDww==",
      "cpu": [
        "x64"
      ],
      "dev": true,
      "license": "Apache-2.0",
      "optional": true,
      "os": [
        "darwin"
      ],
      "engines": {
        "node": ">=16"
      }
    },
    "node_modules/@cloudflare/workerd-darwin-arm64": {
      "version": "1.20260927.1",
      "resolved": "https://registry.npmjs.org/@cloudflare/workerd-darwin-arm64/-/workerd-darwin-arm64-1.20260927.1.tgz",
      "integrity": "sha512-O90+F1z66/c2+oDqBPdbCetiG4X/16jL9ZyCwwZe0gb0egQTyswotqj1+YqaMvOaIMLlxkj0qp7/knmgG+Os3w==",
      "cpu": [
        "arm64"
      ],
      "dev": true,
      "license": "Apache-2.0",
      "optional": true,
      "os": [
        "darwin"
      ],
      "engines": {
        "node": ">=16"
      }
    },
    "node_modules/@cloudflare/workerd-linux-64": {
      "version": "1.20260927.1",
      "resolved": "https://registry.npmjs.org/@cloudflare/workerd-linux-64/-/workerd-linux-64-1.20260927.1.tgz",
      "integrity": "sha512-vQyPcb7yjUGppMeVpF1R5sdu2y5DugnLmp8WtImYohvjALL8RFxlod8lXxQVaCC7jyLk3T80flFgmxuOuRH7lQ==",
      "cpu": [
        "x64"
      ],
      "dev": true,
      "license": "Apache-2.0",
      "optional": true,
      "os": [
        "linux"
      ],
      "engines": {
        "node": ">=16"
      }
    },
    "node_modules/@cloudflare/workerd-linux-arm64": {
      "version": "1.20260927.1",
      "resolved": "https://registry.npmjs.org/@cloudflare/workerd-linux-arm64/-/workerd-linux-arm64-1.20260927.1.tgz",
      "integrity": "sha512-I5VUqX0WfWenF/lTSZXR+vEUdEebr9YwV4X+V1waw0BYYfFtKHPa/icYFWWRkBfz3OZHHEGGNn83MuDXwrmaag==",
      "cpu": [
        "arm64"
      ],
      "dev": true,
      "license": "Apache-2.0",
      "optional": true,
      "os": [
        "linux"
      ],
      "engines": {
        "node": ">=16"
      }
    },
    "node_modules/@cloudflare/workerd-windows-64": {
      "version": "1.20260927.1",
      "resolved": "https://registry.npmjs.org/@cloudflare/workerd-windows-64/-/workerd-windows-64-1.20260927.1.tgz",
      "integrity": "sha512-ZbwJbdnJu/x8Uvtmq9qGqtGm0Ge9TgdrbVYVATkfHhJTWvQBEeZMfre0uxoMMIUAissSF5+0NFPjW7PyffeOpA==",
      "cpu": [
        "x64"
      ],
      "dev": true,
      "license": "Apache-2.0",
      "optional": true,
      "os": [
        "win32"
      ],
      "engines": {
        "node": ">=16"
      }
    },
    "node_modules/workerd": {
      "version": "1.20260927.1",
      "resolved": "https://registry.npmjs.org/workerd/-/workerd-1.20260927.1.tgz",
      "integrity": "sha512-ouiMPmG6qGI/SdlzYRnmw3DZyAeTARBQPLpsPVqhpJODgLjuhWllAWBILlwE6oRbid5T3cdB8HPgz4wcEKWpNw==",
      "dev": true,
      "hasInstallScript": true,
      "license": "Apache-2.0",
      "bin": {
        "workerd": "bin/workerd"
      },
      "engines": {
        "node": ">=16"
      },
      "optionalDependencies": {
        "@cloudflare/workerd-darwin-64": "1.20260927.1",
        "@cloudflare/workerd-darwin-arm64": "1.20260927.1",
        "@cloudflare/workerd-linux-64": "1.20260927.1",
        "@cloudflare/workerd-linux-arm64": "1.20260927.1",
        "@cloudflare/workerd-windows-64": "1.20260927.1"
      }
    }
  }
}
