{
  "name": "paseto-workerd-tests",
  "lockfileVersion": 3,
  "requires": true,
  "packages": {
    "": {
      "name": "paseto-workerd-tests",
      "devDependencies": {
        "workerd": "1.20260830.1"
      }
    },
    "node_modules/@cloudflare/workerd-darwin-64": {
      "version": "1.20260830.1",
      "resolved": "https://registry.npmjs.org/@cloudflare/workerd-darwin-64/-/workerd-darwin-64-1.20260830.1.tgz",
      "integrity": "sha512-aHv6ltSaa2KqHOdWP16ERDiFa+6MhbUAHW5dXFal9uHPDGi3A/2rCXw9E78YJisgiKCOhsbqNamQI+CQZs6v+g==",
      "cpu": [
        "x64"
      ],
      "dev": true,
      "license": "Apache-2.0",
      "optional": true,
      "os": [
        "darwin"
      ],
      "engines": {
        "node": ">=16"
      }
    },
    "node_modules/@cloudflare/workerd-darwin-arm64": {
      "version": "1.20260830.1",
      "resolved": "https://registry.npmjs.org/@cloudflare/workerd-darwin-arm64/-/workerd-darwin-arm64-1.20260830.1.tgz",
      "integrity": "sha512-/wy8HqJZs7ihzbeGllTxW+49oReaArQnOpBm4Fq+ePHKOGj6ATbjkldhZ31htdcJ4XXbWDCWbTBbzVSEC3lYyQ==",
      "cpu": [
        "arm64"
      ],
      "dev": true,
      "license": "Apache-2.0",
      "optional": true,
      "os": [
        "darwin"
      ],
      "engines": {
        "node": ">=16"
      }
    },
    "node_modules/@cloudflare/workerd-linux-64": {
      "version": "1.20260830.1",
      "resolved": "https://registry.npmjs.org/@cloudflare/workerd-linux-64/-/workerd-linux-64-1.20260830.1.tgz",
      "integrity": "sha512-PtmH/1FnVM0H0pGwXAdVCmS5I4E8U75d9XCreS6LkLzo9lrG1x1rQN53t43F6o9SBANX9s+zROJmFqLCyrfS8Q==",
      "cpu": [
        "x64"
      ],
      "dev": true,
      "license": "Apache-2.0",
      "optional": true,
      "os": [
        "linux"
      ],
      "engines": {
        "node": ">=16"
      }
    },
    "node_modules/@cloudflare/workerd-linux-arm64": {
      "version": "1.20260830.1",
      "resolved": "https://registry.npmjs.org/@cloudflare/workerd-linux-arm64/-/workerd-linux-arm64-1.20260830.1.tgz",
      "integrity": "sha512-+6YuJvjSPUHnZc8q2tisRMQNQ4Jmyk2kq0nESeciIMjwhoeW0e40wQJ3V69ufZZmTLdcnzaHNp2BzEDll2ozKw==",
      "cpu": [
        "arm64"
      ],
      "dev": true,
      "license": "Apache-2.0",
      "optional": true,
      "os": [
        "linux"
      ],
      "engines": {
        "node": ">=16"
      }
    },
    "node_modules/@cloudflare/workerd-windows-64": {
      "version": "1.20260830.1",
      "resolved": "https://registry.npmjs.org/@cloudflare/workerd-windows-64/-/workerd-windows-64-1.20260830.1.tgz",
      "integrity": "sha512-fj2qAHtTuOZ6+OH448kARKAnUdQCgVhRfoUovC0g2qLDOfaqaHSDdek3tpWF0mgGssZD9l+Mivpczsgbna0EBQ==",
      "cpu": [
        "x64"
      ],
      "dev": true,
      "license": "Apache-2.0",
      "optional": true,
      "os": [
        "win32"
      ],
      "engines": {
        "node": ">=16"
      }
    },
    "node_modules/workerd": {
      "version": "1.20260830.1",
      "resolved": "https://registry.npmjs.org/workerd/-/workerd-1.20260830.1.tgz",
      "integrity": "sha512-hoFiZhG+HVXnlWY8CTNfMZ4Qnr5uuHm0AR4HCHQfnvIbDmbIgHwhYNufkhtHdu5ZNPW17ZbjzRbwHpuWaqDi3A==",
      "dev": true,
      "hasInstallScript": true,
      "license": "Apache-2.0",
      "bin": {
        "workerd": "bin/workerd"
      },
      "engines": {
        "node": ">=16"
      },
      "optionalDependencies": {
        "@cloudflare/workerd-darwin-64": "1.20260830.1",
        "@cloudflare/workerd-darwin-arm64": "1.20260830.1",
        "@cloudflare/workerd-linux-64": "1.20260830.1",
        "@cloudflare/workerd-linux-arm64": "1.20260830.1",
        "@cloudflare/workerd-windows-64": "1.20260830.1"
      }
    }
  }
}
