{
  "name": "paseto-workerd-tests",
  "lockfileVersion": 3,
  "requires": true,
  "packages": {
    "": {
      "name": "paseto-workerd-tests",
      "devDependencies": {
        "workerd": "1.20260820.1"
      }
    },
    "node_modules/@cloudflare/workerd-darwin-64": {
      "version": "1.20260820.1",
      "resolved": "https://registry.npmjs.org/@cloudflare/workerd-darwin-64/-/workerd-darwin-64-1.20260820.1.tgz",
      "integrity": "sha512-5F2/t7SVnugG3rscSe9da1LoHst+GiuVGPaE9BP6j5AonlFpiYi0eoJrl3wof9zDBIIgJZ87NjRj9TKjbbYgHg==",
      "cpu": [
        "x64"
      ],
      "dev": true,
      "license": "Apache-2.0",
      "optional": true,
      "os": [
        "darwin"
      ],
      "engines": {
        "node": ">=16"
      }
    },
    "node_modules/@cloudflare/workerd-darwin-arm64": {
      "version": "1.20260820.1",
      "resolved": "https://registry.npmjs.org/@cloudflare/workerd-darwin-arm64/-/workerd-darwin-arm64-1.20260820.1.tgz",
      "integrity": "sha512-jFnG7715+r9FXRZPpuWWe5Ayd9v/IJKDODARg56ffFJWWtte6bFNi5VY3GazBM04hEmxny6OjXQBh3j2E/wNZw==",
      "cpu": [
        "arm64"
      ],
      "dev": true,
      "license": "Apache-2.0",
      "optional": true,
      "os": [
        "darwin"
      ],
      "engines": {
        "node": ">=16"
      }
    },
    "node_modules/@cloudflare/workerd-linux-64": {
      "version": "1.20260820.1",
      "resolved": "https://registry.npmjs.org/@cloudflare/workerd-linux-64/-/workerd-linux-64-1.20260820.1.tgz",
      "integrity": "sha512-TbTYaCBht0OaOWmnVpg43hXVYtIti/Kg6lvO819H2DwbxPpK1BH0z2C+Y7ySrVJLlxZQeic5eN7/noqbP80hJg==",
      "cpu": [
        "x64"
      ],
      "dev": true,
      "license": "Apache-2.0",
      "optional": true,
      "os": [
        "linux"
      ],
      "engines": {
        "node": ">=16"
      }
    },
    "node_modules/@cloudflare/workerd-linux-arm64": {
      "version": "1.20260820.1",
      "resolved": "https://registry.npmjs.org/@cloudflare/workerd-linux-arm64/-/workerd-linux-arm64-1.20260820.1.tgz",
      "integrity": "sha512-FQmri1UF7hBnnpeyC5SZJCAnsSRs3+Ykn9wlO5zxmE2qIgKfbJZ+toJ6qrQyugWlxE65juT33HU6aYLtutLJHw==",
      "cpu": [
        "arm64"
      ],
      "dev": true,
      "license": "Apache-2.0",
      "optional": true,
      "os": [
        "linux"
      ],
      "engines": {
        "node": ">=16"
      }
    },
    "node_modules/@cloudflare/workerd-windows-64": {
      "version": "1.20260820.1",
      "resolved": "https://registry.npmjs.org/@cloudflare/workerd-windows-64/-/workerd-windows-64-1.20260820.1.tgz",
      "integrity": "sha512-BPvCuMxIQfA47wtYsGbBG6Bcar57Qs7yHqU2jWkT1+sRnL/741/ZbQGP9kVRMQ5fwBMuqNFmQRzAu8gSm7ri/w==",
      "cpu": [
        "x64"
      ],
      "dev": true,
      "license": "Apache-2.0",
      "optional": true,
      "os": [
        "win32"
      ],
      "engines": {
        "node": ">=16"
      }
    },
    "node_modules/workerd": {
      "version": "1.20260820.1",
      "resolved": "https://registry.npmjs.org/workerd/-/workerd-1.20260820.1.tgz",
      "integrity": "sha512-/wk4rFNHH6IVMXFe6aPEZsT5YWpWtfKTUMt7+rFkyeGbXcGCy4yxODmJatbqYj0jmqHETdz0+m2mT+vNjXnF7w==",
      "dev": true,
      "hasInstallScript": true,
      "license": "Apache-2.0",
      "bin": {
        "workerd": "bin/workerd"
      },
      "engines": {
        "node": ">=16"
      },
      "optionalDependencies": {
        "@cloudflare/workerd-darwin-64": "1.20260820.1",
        "@cloudflare/workerd-darwin-arm64": "1.20260820.1",
        "@cloudflare/workerd-linux-64": "1.20260820.1",
        "@cloudflare/workerd-linux-arm64": "1.20260820.1",
        "@cloudflare/workerd-windows-64": "1.20260820.1"
      }
    }
  }
}
